
Microsoft Visual Studio Solution File, Format Version 12.00
# Visual Studio Version 17
VisualStudioVersion = 17.1.32210.238
MinimumVisualStudioVersion = 10.0.40219.1
Project("{FAE04EC0-301F-11D3-BF4B-00C04F79EFBC}") = "Producer", "Producer\Producer.csproj", "{3CC08B84-738F-4C2E-AE38-FD827D6BA9A9}"
EndProject
Project("{FAE04EC0-301F-11D3-BF4B-00C04F79EFBC}") = "Consumer", "Consumer\Consumer.csproj", "{EADB45E0-4D9F-4EC9-89ED-1FAA5868E5B4}"
EndProject
Global
	GlobalSection(SolutionConfigurationPlatforms) = preSolution
		Debug|Any CPU = Debug|Any CPU
		Release|Any CPU = Release|Any CPU
	EndGlobalSection
	GlobalSection(ProjectConfigurationPlatforms) = postSolution
		{3CC08B84-738F-4C2E-AE38-FD827D6BA9A9}.Debug|Any CPU.ActiveCfg = Debug|Any CPU
		{3CC08B84-738F-4C2E-AE38-FD827D6BA9A9}.Debug|Any CPU.Build.0 = Debug|Any CPU
		{3CC08B84-738F-4C2E-AE38-FD827D6BA9A9}.Release|Any CPU.ActiveCfg = Release|Any CPU
		{3CC08B84-738F-4C2E-AE38-FD827D6BA9A9}.Release|Any CPU.Build.0 = Release|Any CPU
		{EADB45E0-4D9F-4EC9-89ED-1FAA5868E5B4}.Debug|Any CPU.ActiveCfg = Debug|Any CPU
		{EADB45E0-4D9F-4EC9-89ED-1FAA5868E5B4}.Debug|Any CPU.Build.0 = Debug|Any CPU
		{EADB45E0-4D9F-4EC9-89ED-1FAA5868E5B4}.Release|Any CPU.ActiveCfg = Release|Any CPU
		{EADB45E0-4D9F-4EC9-89ED-1FAA5868E5B4}.Release|Any CPU.Build.0 = Release|Any CPU
	EndGlobalSection
	GlobalSection(SolutionProperties) = preSolution
		HideSolutionNode = FALSE
	EndGlobalSection
	GlobalSection(ExtensibilityGlobals) = postSolution
		SolutionGuid = {C69FAF39-4038-42F9-BD5A-C4E8545C4CC4}
	EndGlobalSection
EndGlobal
